// !$*UTF8*$!
{
	archiveVersion = 1;
	classes = {
	};
	objectVersion = 56;
	objects = {

/* Begin PBXBuildFile section */
		A2064F332BD325AC0030C1CC /* Appwrite.swift in Sources */ = {isa = PBXBuildFile; fileRef = A2064F322BD325AC0030C1CC /* Appwrite.swift */; };
		A2064F352BD326B50030C1CC /* Idea.swift in Sources */ = {isa = PBXBuildFile; fileRef = A2064F342BD326B50030C1CC /* Idea.swift */; };
		A2064F392BD32ACE0030C1CC /* LoginView.swift in Sources */ = {isa = PBXBuildFile; fileRef = A2064F382BD32ACE0030C1CC /* LoginView.swift */; };
		A2064F3B2BD32ADD0030C1CC /* IdeasViewModel.swift in Sources */ = {isa = PBXBuildFile; fileRef = A2064F3A2BD32ADD0030C1CC /* IdeasViewModel.swift */; };
		A2064F3D2BD32AEB0030C1CC /* LoginViewModel.swift in Sources */ = {isa = PBXBuildFile; fileRef = A2064F3C2BD32AEB0030C1CC /* LoginViewModel.swift */; };
		A2064F402BD343480030C1CC /* Router.swift in Sources */ = {isa = PBXBuildFile; fileRef = A2064F3F2BD343480030C1CC /* Router.swift */; };
		A2064F422BD348A50030C1CC /* SplashView.swift in Sources */ = {isa = PBXBuildFile; fileRef = A2064F412BD348A50030C1CC /* SplashView.swift */; };
		A257F3D52BD2C2EB002683E5 /* IdeasTrackerApp.swift in Sources */ = {isa = PBXBuildFile; fileRef = A257F3D42BD2C2EB002683E5 /* IdeasTrackerApp.swift */; };
		A257F3D72BD2C2EB002683E5 /* IdeasView.swift in Sources */ = {isa = PBXBuildFile; fileRef = A257F3D62BD2C2EB002683E5 /* IdeasView.swift */; };
		A257F3D92BD2C2EC002683E5 /* Assets.xcassets in Resources */ = {isa = PBXBuildFile; fileRef = A257F3D82BD2C2EC002683E5 /* Assets.xcassets */; };
		A257F3DC2BD2C2EC002683E5 /* Preview Assets.xcassets in Resources */ = {isa = PBXBuildFile; fileRef = A257F3DB2BD2C2EC002683E5 /* Preview Assets.xcassets */; };
		A257F3E42BD2DB63002683E5 /* Appwrite in Frameworks */ = {isa = PBXBuildFile; productRef = A257F3E32BD2DB63002683E5 /* Appwrite */; };
/* End PBXBuildFile section */

/* Begin PBXFileReference section */
		A2064F322BD325AC0030C1CC /* Appwrite.swift */ = {isa = PBXFileReference; lastKnownFileType = sourcecode.swift; path = Appwrite.swift; sourceTree = "<group>"; };
		A2064F342BD326B50030C1CC /* Idea.swift */ = {isa = PBXFileReference; lastKnownFileType = sourcecode.swift; path = Idea.swift; sourceTree = "<group>"; };
		A2064F382BD32ACE0030C1CC /* LoginView.swift */ = {isa = PBXFileReference; lastKnownFileType = sourcecode.swift; path = LoginView.swift; sourceTree = "<group>"; };
		A2064F3A2BD32ADD0030C1CC /* IdeasViewModel.swift */ = {isa = PBXFileReference; lastKnownFileType = sourcecode.swift; path = IdeasViewModel.swift; sourceTree = "<group>"; };
		A2064F3C2BD32AEB0030C1CC /* LoginViewModel.swift */ = {isa = PBXFileReference; lastKnownFileType = sourcecode.swift; path = LoginViewModel.swift; sourceTree = "<group>"; };
		A2064F3F2BD343480030C1CC /* Router.swift */ = {isa = PBXFileReference; lastKnownFileType = sourcecode.swift; path = Router.swift; sourceTree = "<group>"; };
		A2064F412BD348A50030C1CC /* SplashView.swift */ = {isa = PBXFileReference; lastKnownFileType = sourcecode.swift; path = SplashView.swift; sourceTree = "<group>"; };
		A257F3D12BD2C2EB002683E5 /* IdeasTracker.app */ = {isa = PBXFileReference; explicitFileType = wrapper.application; includeInIndex = 0; path = IdeasTracker.app; sourceTree = BUILT_PRODUCTS_DIR; };
		A257F3D42BD2C2EB002683E5 /* IdeasTrackerApp.swift */ = {isa = PBXFileReference; lastKnownFileType = sourcecode.swift; path = IdeasTrackerApp.swift; sourceTree = "<group>"; };
		A257F3D62BD2C2EB002683E5 /* IdeasView.swift */ = {isa = PBXFileReference; lastKnownFileType = sourcecode.swift; path = IdeasView.swift; sourceTree = "<group>"; };
		A257F3D82BD2C2EC002683E5 /* Assets.xcassets */ = {isa = PBXFileReference; lastKnownFileType = folder.assetcatalog; path = Assets.xcassets; sourceTree = "<group>"; };
		A257F3DB2BD2C2EC002683E5 /* Preview Assets.xcassets */ = {isa = PBXFileReference; lastKnownFileType = folder.assetcatalog; path = "Preview Assets.xcassets"; sourceTree = "<group>"; };
/* End PBXFileReference section */

/* Begin PBXFrameworksBuildPhase section */
		A257F3CE2BD2C2EB002683E5 /* Frameworks */ = {
			isa = PBXFrameworksBuildPhase;
			buildActionMask = 2147483647;
			files = (
				A257F3E42BD2DB63002683E5 /* Appwrite in Frameworks */,
			);
			runOnlyForDeploymentPostprocessing = 0;
		};
/* End PBXFrameworksBuildPhase section */

/* Begin PBXGroup section */
		A2064F302BD323100030C1CC /* ViewModel */ = {
			isa = PBXGroup;
			children = (
				A2064F3A2BD32ADD0030C1CC /* IdeasViewModel.swift */,
				A2064F3C2BD32AEB0030C1CC /* LoginViewModel.swift */,
			);
			path = ViewModel;
			sourceTree = "<group>";
		};
		A2064F312BD323D90030C1CC /* Service */ = {
			isa = PBXGroup;
			children = (
				A2064F322BD325AC0030C1CC /* Appwrite.swift */,
			);
			path = Service;
			sourceTree = "<group>";
		};
		A2064F3E2BD3433B0030C1CC /* Navigation */ = {
			isa = PBXGroup;
			children = (
				A2064F3F2BD343480030C1CC /* Router.swift */,
			);
			path = Navigation;
			sourceTree = "<group>";
		};
		A257F3C82BD2C2EB002683E5 = {
			isa = PBXGroup;
			children = (
				A257F3D32BD2C2EB002683E5 /* IdeasTracker */,
				A257F3D22BD2C2EB002683E5 /* Products */,
			);
			sourceTree = "<group>";
		};
		A257F3D22BD2C2EB002683E5 /* Products */ = {
			isa = PBXGroup;
			children = (
				A257F3D12BD2C2EB002683E5 /* IdeasTracker.app */,
			);
			name = Products;
			sourceTree = "<group>";
		};
		A257F3D32BD2C2EB002683E5 /* IdeasTracker */ = {
			isa = PBXGroup;
			children = (
				A2064F3E2BD3433B0030C1CC /* Navigation */,
				A2064F312BD323D90030C1CC /* Service */,
				A2064F302BD323100030C1CC /* ViewModel */,
				A257F3E62BD2DBD0002683E5 /* Model */,
				A257F3E52BD2DBA5002683E5 /* View */,
				A257F3D42BD2C2EB002683E5 /* IdeasTrackerApp.swift */,
				A257F3D82BD2C2EC002683E5 /* Assets.xcassets */,
				A257F3DA2BD2C2EC002683E5 /* Preview Content */,
			);
			path = IdeasTracker;
			sourceTree = "<group>";
		};
		A257F3DA2BD2C2EC002683E5 /* Preview Content */ = {
			isa = PBXGroup;
			children = (
				A257F3DB2BD2C2EC002683E5 /* Preview Assets.xcassets */,
			);
			path = "Preview Content";
			sourceTree = "<group>";
		};
		A257F3E52BD2DBA5002683E5 /* View */ = {
			isa = PBXGroup;
			children = (
				A257F3D62BD2C2EB002683E5 /* IdeasView.swift */,
				A2064F382BD32ACE0030C1CC /* LoginView.swift */,
				A2064F412BD348A50030C1CC /* SplashView.swift */,
			);
			path = View;
			sourceTree = "<group>";
		};
		A257F3E62BD2DBD0002683E5 /* Model */ = {
			isa = PBXGroup;
			children = (
				A2064F342BD326B50030C1CC /* Idea.swift */,
			);
			path = Model;
			sourceTree = "<group>";
		};
/* End PBXGroup section */

/* Begin PBXNativeTarget section */
		A257F3D02BD2C2EB002683E5 /* IdeasTracker */ = {
			isa = PBXNativeTarget;
			buildConfigurationList = A257F3DF2BD2C2EC002683E5 /* Build configuration list for PBXNativeTarget "IdeasTracker" */;
			buildPhases = (
				A257F3CD2BD2C2EB002683E5 /* Sources */,
				A257F3CE2BD2C2EB002683E5 /* Frameworks */,
				A257F3CF2BD2C2EB002683E5 /* Resources */,
			);
			buildRules = (
			);
			dependencies = (
			);
			name = IdeasTracker;
			packageProductDependencies = (
				A257F3E32BD2DB63002683E5 /* Appwrite */,
			);
			productName = IdeasTracker;
			productReference = A257F3D12BD2C2EB002683E5 /* IdeasTracker.app */;
			productType = "com.apple.product-type.application";
		};
/* End PBXNativeTarget section */

/* Begin PBXProject section */
		A257F3C92BD2C2EB002683E5 /* Project object */ = {
			isa = PBXProject;
			attributes = {
				BuildIndependentTargetsInParallel = 1;
				LastSwiftUpdateCheck = 1530;
				LastUpgradeCheck = 1530;
				TargetAttributes = {
					A257F3D02BD2C2EB002683E5 = {
						CreatedOnToolsVersion = 15.3;
					};
				};
			};
			buildConfigurationList = A257F3CC2BD2C2EB002683E5 /* Build configuration list for PBXProject "IdeasTracker" */;
			compatibilityVersion = "Xcode 14.0";
			developmentRegion = en;
			hasScannedForEncodings = 0;
			knownRegions = (
				en,
				Base,
			);
			mainGroup = A257F3C82BD2C2EB002683E5;
			packageReferences = (
				A257F3E22BD2DB63002683E5 /* XCRemoteSwiftPackageReference "sdk-for-apple" */,
			);
			productRefGroup = A257F3D22BD2C2EB002683E5 /* Products */;
			projectDirPath = "";
			projectRoot = "";
			targets = (
				A257F3D02BD2C2EB002683E5 /* IdeasTracker */,
			);
		};
/* End PBXProject section */

/* Begin PBXResourcesBuildPhase section */
		A257F3CF2BD2C2EB002683E5 /* Resources */ = {
			isa = PBXResourcesBuildPhase;
			buildActionMask = 2147483647;
			files = (
				A257F3DC2BD2C2EC002683E5 /* Preview Assets.xcassets in Resources */,
				A257F3D92BD2C2EC002683E5 /* Assets.xcassets in Resources */,
			);
			runOnlyForDeploymentPostprocessing = 0;
		};
/* End PBXResourcesBuildPhase section */

/* Begin PBXSourcesBuildPhase section */
		A257F3CD2BD2C2EB002683E5 /* Sources */ = {
			isa = PBXSourcesBuildPhase;
			buildActionMask = 2147483647;
			files = (
				A2064F392BD32ACE0030C1CC /* LoginView.swift in Sources */,
				A2064F3B2BD32ADD0030C1CC /* IdeasViewModel.swift in Sources */,
				A2064F352BD326B50030C1CC /* Idea.swift in Sources */,
				A257F3D72BD2C2EB002683E5 /* IdeasView.swift in Sources */,
				A2064F402BD343480030C1CC /* Router.swift in Sources */,
				A2064F3D2BD32AEB0030C1CC /* LoginViewModel.swift in Sources */,
				A2064F422BD348A50030C1CC /* SplashView.swift in Sources */,
				A2064F332BD325AC0030C1CC /* Appwrite.swift in Sources */,
				A257F3D52BD2C2EB002683E5 /* IdeasTrackerApp.swift in Sources */,
			);
			runOnlyForDeploymentPostprocessing = 0;
		};
/* End PBXSourcesBuildPhase section */

/* Begin XCBuildConfiguration section */
		A257F3DD2BD2C2EC002683E5 /* Debug */ = {
			isa = XCBuildConfiguration;
			buildSettings = {
				ALWAYS_SEARCH_USER_PATHS = NO;
				ASSETCATALOG_COMPILER_GENERATE_SWIFT_ASSET_SYMBOL_EXTENSIONS = YES;
				CLANG_ANALYZER_NONNULL = YES;
				CLANG_ANALYZER_NUMBER_OBJECT_CONVERSION = YES_AGGRESSIVE;
				CLANG_CXX_LANGUAGE_STANDARD = "gnu++20";
				CLANG_ENABLE_MODULES = YES;
				CLANG_ENABLE_OBJC_ARC = YES;
				CLANG_ENABLE_OBJC_WEAK = YES;
				CLANG_WARN_BLOCK_CAPTURE_AUTORELEASING = YES;
				CLANG_WARN_BOOL_CONVERSION = YES;
				CLANG_WARN_COMMA = YES;
				CLANG_WARN_CONSTANT_CONVERSION = YES;
				CLANG_WARN_DEPRECATED_OBJC_IMPLEMENTATIONS = YES;
				CLANG_WARN_DIRECT_OBJC_ISA_USAGE = YES_ERROR;
				CLANG_WARN_DOCUMENTATION_COMMENTS = YES;
				CLANG_WARN_EMPTY_BODY = YES;
				CLANG_WARN_ENUM_CONVERSION = YES;
				CLANG_WARN_INFINITE_RECURSION = YES;
				CLANG_WARN_INT_CONVERSION = YES;
				CLANG_WARN_NON_LITERAL_NULL_CONVERSION = YES;
				CLANG_WARN_OBJC_IMPLICIT_RETAIN_SELF = YES;
				CLANG_WARN_OBJC_LITERAL_CONVERSION = YES;
				CLANG_WARN_OBJC_ROOT_CLASS = YES_ERROR;
				CLANG_WARN_QUOTED_INCLUDE_IN_FRAMEWORK_HEADER = YES;
				CLANG_WARN_RANGE_LOOP_ANALYSIS = YES;
				CLANG_WARN_STRICT_PROTOTYPES = YES;
				CLANG_WARN_SUSPICIOUS_MOVE = YES;
				CLANG_WARN_UNGUARDED_AVAILABILITY = YES_AGGRESSIVE;
				CLANG_WARN_UNREACHABLE_CODE = YES;
				CLANG_WARN__DUPLICATE_METHOD_MATCH = YES;
				COPY_PHASE_STRIP = NO;
				DEBUG_INFORMATION_FORMAT = dwarf;
				ENABLE_STRICT_OBJC_MSGSEND = YES;
				ENABLE_TESTABILITY = YES;
				ENABLE_USER_SCRIPT_SANDBOXING = YES;
				GCC_C_LANGUAGE_STANDARD = gnu17;
				GCC_DYNAMIC_NO_PIC = NO;
				GCC_NO_COMMON_BLOCKS = YES;
				GCC_OPTIMIZATION_LEVEL = 0;
				GCC_PREPROCESSOR_DEFINITIONS = (
					"DEBUG=1",
					"$(inherited)",
				);
				GCC_WARN_64_TO_32_BIT_CONVERSION = YES;
				GCC_WARN_ABOUT_RETURN_TYPE = YES_ERROR;
				GCC_WARN_UNDECLARED_SELECTOR = YES;
				GCC_WARN_UNINITIALIZED_AUTOS = YES_AGGRESSIVE;
				GCC_WARN_UNUSED_FUNCTION = YES;
				GCC_WARN_UNUSED_VARIABLE = YES;
				IPHONEOS_DEPLOYMENT_TARGET = 17.4;
				LOCALIZATION_PREFERS_STRING_CATALOGS = YES;
				MTL_ENABLE_DEBUG_INFO = INCLUDE_SOURCE;
				MTL_FAST_MATH = YES;
				ONLY_ACTIVE_ARCH = YES;
				SDKROOT = iphoneos;
				SWIFT_ACTIVE_COMPILATION_CONDITIONS = "DEBUG $(inherited)";
				SWIFT_OPTIMIZATION_LEVEL = "-Onone";
			};
			name = Debug;
		};
		A257F3DE2BD2C2EC002683E5 /* Release */ = {
			isa = XCBuildConfiguration;
			buildSettings = {
				ALWAYS_SEARCH_USER_PATHS = NO;
				ASSETCATALOG_COMPILER_GENERATE_SWIFT_ASSET_SYMBOL_EXTENSIONS = YES;
				CLANG_ANALYZER_NONNULL = YES;
				CLANG_ANALYZER_NUMBER_OBJECT_CONVERSION = YES_AGGRESSIVE;
				CLANG_CXX_LANGUAGE_STANDARD = "gnu++20";
				CLANG_ENABLE_MODULES = YES;
				CLANG_ENABLE_OBJC_ARC = YES;
				CLANG_ENABLE_OBJC_WEAK = YES;
				CLANG_WARN_BLOCK_CAPTURE_AUTORELEASING = YES;
				CLANG_WARN_BOOL_CONVERSION = YES;
				CLANG_WARN_COMMA = YES;
				CLANG_WARN_CONSTANT_CONVERSION = YES;
				CLANG_WARN_DEPRECATED_OBJC_IMPLEMENTATIONS = YES;
				CLANG_WARN_DIRECT_OBJC_ISA_USAGE = YES_ERROR;
				CLANG_WARN_DOCUMENTATION_COMMENTS = YES;
				CLANG_WARN_EMPTY_BODY = YES;
				CLANG_WARN_ENUM_CONVERSION = YES;
				CLANG_WARN_INFINITE_RECURSION = YES;
				CLANG_WARN_INT_CONVERSION = YES;
				CLANG_WARN_NON_LITERAL_NULL_CONVERSION = YES;
				CLANG_WARN_OBJC_IMPLICIT_RETAIN_SELF = YES;
				CLANG_WARN_OBJC_LITERAL_CONVERSION = YES;
				CLANG_WARN_OBJC_ROOT_CLASS = YES_ERROR;
				CLANG_WARN_QUOTED_INCLUDE_IN_FRAMEWORK_HEADER = YES;
				CLANG_WARN_RANGE_LOOP_ANALYSIS = YES;
				CLANG_WARN_STRICT_PROTOTYPES = YES;
				CLANG_WARN_SUSPICIOUS_MOVE = YES;
				CLANG_WARN_UNGUARDED_AVAILABILITY = YES_AGGRESSIVE;
				CLANG_WARN_UNREACHABLE_CODE = YES;
				CLANG_WARN__DUPLICATE_METHOD_MATCH = YES;
				COPY_PHASE_STRIP = NO;
				DEBUG_INFORMATION_FORMAT = "dwarf-with-dsym";
				ENABLE_NS_ASSERTIONS = NO;
				ENABLE_STRICT_OBJC_MSGSEND = YES;
				ENABLE_USER_SCRIPT_SANDBOXING = YES;
				GCC_C_LANGUAGE_STANDARD = gnu17;
				GCC_NO_COMMON_BLOCKS = YES;
				GCC_WARN_64_TO_32_BIT_CONVERSION = YES;
				GCC_WARN_ABOUT_RETURN_TYPE = YES_ERROR;
				GCC_WARN_UNDECLARED_SELECTOR = YES;
				GCC_WARN_UNINITIALIZED_AUTOS = YES_AGGRESSIVE;
				GCC_WARN_UNUSED_FUNCTION = YES;
				GCC_WARN_UNUSED_VARIABLE = YES;
				IPHONEOS_DEPLOYMENT_TARGET = 17.4;
				LOCALIZATION_PREFERS_STRING_CATALOGS = YES;
				MTL_ENABLE_DEBUG_INFO = NO;
				MTL_FAST_MATH = YES;
				SDKROOT = iphoneos;
				SWIFT_COMPILATION_MODE = wholemodule;
				VALIDATE_PRODUCT = YES;
			};
			name = Release;
		};
		A257F3E02BD2C2EC002683E5 /* Debug */ = {
			isa = XCBuildConfiguration;
			buildSettings = {
				ASSETCATALOG_COMPILER_APPICON_NAME = AppIcon;
				ASSETCATALOG_COMPILER_GLOBAL_ACCENT_COLOR_NAME = AccentColor;
				CODE_SIGN_STYLE = Automatic;
				CURRENT_PROJECT_VERSION = 1;
				DEVELOPMENT_ASSET_PATHS = "\"IdeasTracker/Preview Content\"";
				DEVELOPMENT_TEAM = 5G27YP9CH3;
				ENABLE_PREVIEWS = YES;
				GENERATE_INFOPLIST_FILE = YES;
				INFOPLIST_KEY_UIApplicationSceneManifest_Generation = YES;
				INFOPLIST_KEY_UIApplicationSupportsIndirectInputEvents = YES;
				INFOPLIST_KEY_UILaunchScreen_Generation = YES;
				INFOPLIST_KEY_UISupportedInterfaceOrientations_iPad = "UIInterfaceOrientationPortrait UIInterfaceOrientationPortraitUpsideDown UIInterfaceOrientationLandscapeLeft UIInterfaceOrientationLandscapeRight";
				INFOPLIST_KEY_UISupportedInterfaceOrientations_iPhone = "UIInterfaceOrientationPortrait UIInterfaceOrientationLandscapeLeft UIInterfaceOrientationLandscapeRight";
				LD_RUNPATH_SEARCH_PATHS = (
					"$(inherited)",
					"@executable_path/Frameworks",
				);
				MARKETING_VERSION = 1.0;
				PRODUCT_BUNDLE_IDENTIFIER = example.IdeasTracker;
				PRODUCT_NAME = "$(TARGET_NAME)";
				SWIFT_EMIT_LOC_STRINGS = YES;
				SWIFT_VERSION = 5.0;
				TARGETED_DEVICE_FAMILY = "1,2";
			};
			name = Debug;
		};
		A257F3E12BD2C2EC002683E5 /* Release */ = {
			isa = XCBuildConfiguration;
			buildSettings = {
				ASSETCATALOG_COMPILER_APPICON_NAME = AppIcon;
				ASSETCATALOG_COMPILER_GLOBAL_ACCENT_COLOR_NAME = AccentColor;
				CODE_SIGN_STYLE = Automatic;
				CURRENT_PROJECT_VERSION = 1;
				DEVELOPMENT_ASSET_PATHS = "\"IdeasTracker/Preview Content\"";
				DEVELOPMENT_TEAM = 5G27YP9CH3;
				ENABLE_PREVIEWS = YES;
				GENERATE_INFOPLIST_FILE = YES;
				INFOPLIST_KEY_UIApplicationSceneManifest_Generation = YES;
				INFOPLIST_KEY_UIApplicationSupportsIndirectInputEvents = YES;
				INFOPLIST_KEY_UILaunchScreen_Generation = YES;
				INFOPLIST_KEY_UISupportedInterfaceOrientations_iPad = "UIInterfaceOrientationPortrait UIInterfaceOrientationPortraitUpsideDown UIInterfaceOrientationLandscapeLeft UIInterfaceOrientationLandscapeRight";
				INFOPLIST_KEY_UISupportedInterfaceOrientations_iPhone = "UIInterfaceOrientationPortrait UIInterfaceOrientationLandscapeLeft UIInterfaceOrientationLandscapeRight";
				LD_RUNPATH_SEARCH_PATHS = (
					"$(inherited)",
					"@executable_path/Frameworks",
				);
				MARKETING_VERSION = 1.0;
				PRODUCT_BUNDLE_IDENTIFIER = example.IdeasTracker;
				PRODUCT_NAME = "$(TARGET_NAME)";
				SWIFT_EMIT_LOC_STRINGS = YES;
				SWIFT_VERSION = 5.0;
				TARGETED_DEVICE_FAMILY = "1,2";
			};
			name = Release;
		};
/* End XCBuildConfiguration section */

/* Begin XCConfigurationList section */
		A257F3CC2BD2C2EB002683E5 /* Build configuration list for PBXProject "IdeasTracker" */ = {
			isa = XCConfigurationList;
			buildConfigurations = (
				A257F3DD2BD2C2EC002683E5 /* Debug */,
				A257F3DE2BD2C2EC002683E5 /* Release */,
			);
			defaultConfigurationIsVisible = 0;
			defaultConfigurationName = Release;
		};
		A257F3DF2BD2C2EC002683E5 /* Build configuration list for PBXNativeTarget "IdeasTracker" */ = {
			isa = XCConfigurationList;
			buildConfigurations = (
				A257F3E02BD2C2EC002683E5 /* Debug */,
				A257F3E12BD2C2EC002683E5 /* Release */,
			);
			defaultConfigurationIsVisible = 0;
			defaultConfigurationName = Release;
		};
/* End XCConfigurationList section */

/* Begin XCRemoteSwiftPackageReference section */
		A257F3E22BD2DB63002683E5 /* XCRemoteSwiftPackageReference "sdk-for-apple" */ = {
			isa = XCRemoteSwiftPackageReference;
			repositoryURL = "https://github.com/appwrite/sdk-for-apple";
			requirement = {
				kind = upToNextMajorVersion;
				minimumVersion = 4.0.2;
			};
		};
/* End XCRemoteSwiftPackageReference section */

/* Begin XCSwiftPackageProductDependency section */
		A257F3E32BD2DB63002683E5 /* Appwrite */ = {
			isa = XCSwiftPackageProductDependency;
			package = A257F3E22BD2DB63002683E5 /* XCRemoteSwiftPackageReference "sdk-for-apple" */;
			productName = Appwrite;
		};
/* End XCSwiftPackageProductDependency section */
	};
	rootObject = A257F3C92BD2C2EB002683E5 /* Project object */;
}
